{
  "name": "mrm-preset-default",
  "version": "0.1.0",
  "lockfileVersion": 1,
  "requires": true,
  "dependencies": {
    "ansi-regex": {
      "version": "2.1.1",
      "resolved": "https://registry.npmjs.org/ansi-regex/-/ansi-regex-2.1.1.tgz",
      "integrity": "sha1-w7M6te42DYbg5ijwRorn7yfWVN8="
    },
    "ansi-styles": {
      "version": "2.2.1",
      "resolved": "https://registry.npmjs.org/ansi-styles/-/ansi-styles-2.2.1.tgz",
      "integrity": "sha1-tDLdM1i2NM914eRmQ2gkBTPB3b4="
    },
    "argparse": {
      "version": "1.0.9",
      "resolved": "https://registry.npmjs.org/argparse/-/argparse-1.0.9.tgz",
      "integrity": "sha1-c9g7wmP4bpf4zE9rrhsOkKfSLIY=",
      "requires": {
        "sprintf-js": "1.0.3"
      }
    },
    "babel-code-frame": {
      "version": "6.26.0",
      "resolved": "https://registry.npmjs.org/babel-code-frame/-/babel-code-frame-6.26.0.tgz",
      "integrity": "sha1-Y/1D99weO7fONZR9uP42mj9Yx0s=",
      "requires": {
        "chalk": "1.1.3",
        "esutils": "2.0.2",
        "js-tokens": "3.0.2"
      }
    },
    "chalk": {
      "version": "1.1.3",
      "resolved": "https://registry.npmjs.org/chalk/-/chalk-1.1.3.tgz",
      "integrity": "sha1-qBFcVeSnAv5NFQq9OHKCKn4J/Jg=",
      "requires": {
        "ansi-styles": "2.2.1",
        "escape-string-regexp": "1.0.5",
        "has-ansi": "2.0.0",
        "strip-ansi": "3.0.1",
        "supports-color": "2.0.0"
      }
    },
    "cp-file": {
      "version": "4.2.0",
      "resolved": "https://registry.npmjs.org/cp-file/-/cp-file-4.2.0.tgz",
      "integrity": "sha1-cVNhZjtx7eC23dvDyA4roC5yXsM=",
      "requires": {
        "graceful-fs": "4.1.11",
        "make-dir": "1.0.0",
        "nested-error-stacks": "2.0.0",
        "pify": "2.3.0",
        "safe-buffer": "5.1.1"
      }
    },
    "escape-string-regexp": {
      "version": "1.0.5",
      "resolved": "https://registry.npmjs.org/escape-string-regexp/-/escape-string-regexp-1.0.5.tgz",
      "integrity": "sha1-G2HAViGQqN/2rjuyzwIAyhMLhtQ="
    },
    "esprima": {
      "version": "4.0.0",
      "resolved": "https://registry.npmjs.org/esprima/-/esprima-4.0.0.tgz",
      "integrity": "sha512-oftTcaMu/EGrEIu904mWteKIv8vMuOgGYo7EhVJJN00R/EED9DCua/xxHRdYnKtcECzVg7xOWhflvJMnqcFZjw=="
    },
    "esutils": {
      "version": "2.0.2",
      "resolved": "https://registry.npmjs.org/esutils/-/esutils-2.0.2.tgz",
      "integrity": "sha1-Cr9PHKpbyx96nYrMbepPqqBLrJs="
    },
    "extend": {
      "version": "3.0.1",
      "resolved": "https://registry.npmjs.org/extend/-/extend-3.0.1.tgz",
      "integrity": "sha1-p1Xqe8Gt/MWjHOfnYtuq3F5jZEQ="
    },
    "graceful-fs": {
      "version": "4.1.11",
      "resolved": "https://registry.npmjs.org/graceful-fs/-/graceful-fs-4.1.11.tgz",
      "integrity": "sha1-Dovf5NHduIVNZOBOp8AOKgJuVlg="
    },
    "has-ansi": {
      "version": "2.0.0",
      "resolved": "https://registry.npmjs.org/has-ansi/-/has-ansi-2.0.0.tgz",
      "integrity": "sha1-NPUEnOHs3ysGSa8+8k5F7TVBbZE=",
      "requires": {
        "ansi-regex": "2.1.1"
      }
    },
    "inherits": {
      "version": "2.0.3",
      "resolved": "https://registry.npmjs.org/inherits/-/inherits-2.0.3.tgz",
      "integrity": "sha1-Yzwsg+PaQqUC9SRmAiSA9CCCYd4="
    },
    "js-tokens": {
      "version": "3.0.2",
      "resolved": "https://registry.npmjs.org/js-tokens/-/js-tokens-3.0.2.tgz",
      "integrity": "sha1-mGbfOVECEw449/mWvOtlRDIJwls="
    },
    "js-yaml": {
      "version": "3.9.1",
      "resolved": "https://registry.npmjs.org/js-yaml/-/js-yaml-3.9.1.tgz",
      "integrity": "sha512-CbcG379L1e+mWBnLvHWWeLs8GyV/EMw862uLI3c+GxVyDHWZcjZinwuBd3iW2pgxgIlksW/1vNJa4to+RvDOww==",
      "requires": {
        "argparse": "1.0.9",
        "esprima": "4.0.0"
      }
    },
    "listify": {
      "version": "1.0.0",
      "resolved": "https://registry.npmjs.org/listify/-/listify-1.0.0.tgz",
      "integrity": "sha1-A8p7otFQ1CZ3c/dOV1WNEFPSvuM="
    },
    "lodash": {
      "version": "4.17.4",
      "resolved": "https://registry.npmjs.org/lodash/-/lodash-4.17.4.tgz",
      "integrity": "sha1-eCA6TRwyiuHYbcpkYONptX9AVa4="
    },
    "make-dir": {
      "version": "1.0.0",
      "resolved": "https://registry.npmjs.org/make-dir/-/make-dir-1.0.0.tgz",
      "integrity": "sha1-l6ARdR6R3YfPre9Ygy67BJNt6Xg=",
      "requires": {
        "pify": "2.3.0"
      }
    },
    "minimist": {
      "version": "0.0.8",
      "resolved": "https://registry.npmjs.org/minimist/-/minimist-0.0.8.tgz",
      "integrity": "sha1-hX/Kv8M5fSYluCKCYuhqp6ARsF0="
    },
    "mkdirp": {
      "version": "0.5.1",
      "resolved": "https://registry.npmjs.org/mkdirp/-/mkdirp-0.5.1.tgz",
      "integrity": "sha1-MAV0OOrGz3+MR2fzhkjWaX11yQM=",
      "requires": {
        "minimist": "0.0.8"
      }
    },
    "mrm-core": {
      "version": "2.1.3",
      "resolved": "https://registry.npmjs.org/mrm-core/-/mrm-core-2.1.3.tgz",
      "integrity": "sha1-4LRttG0vSb8xvf3LqAf51O+7Z5U=",
      "requires": {
        "babel-code-frame": "6.26.0",
        "chalk": "1.1.3",
        "cp-file": "4.2.0",
        "js-yaml": "3.9.1",
        "listify": "1.0.0",
        "lodash": "4.17.4",
        "mkdirp": "0.5.1",
        "prop-ini": "0.0.2",
        "readme-badger": "0.2.0",
        "split-lines": "1.1.0",
        "strip-bom": "3.0.0",
        "strip-json-comments": "2.0.1",
        "webpack-merge": "4.1.0"
      }
    },
    "nested-error-stacks": {
      "version": "2.0.0",
      "resolved": "https://registry.npmjs.org/nested-error-stacks/-/nested-error-stacks-2.0.0.tgz",
      "integrity": "sha1-mLL/rvtGEPo5NvHnFDXTBwDeKEA=",
      "requires": {
        "inherits": "2.0.3"
      }
    },
    "pify": {
      "version": "2.3.0",
      "resolved": "https://registry.npmjs.org/pify/-/pify-2.3.0.tgz",
      "integrity": "sha1-7RQaasBDqEnqWISY59yosVMw6Qw="
    },
    "prop-ini": {
      "version": "0.0.2",
      "resolved": "https://registry.npmjs.org/prop-ini/-/prop-ini-0.0.2.tgz",
      "integrity": "sha1-ZzOny1JCrKsr5C5gdYPYEksXKls=",
      "requires": {
        "extend": "3.0.1"
      }
    },
    "readme-badger": {
      "version": "0.2.0",
      "resolved": "https://registry.npmjs.org/readme-badger/-/readme-badger-0.2.0.tgz",
      "integrity": "sha1-H9tEgkj7XUDYhW+9Jp3YuSfRr/g="
    },
    "safe-buffer": {
      "version": "5.1.1",
      "resolved": "https://registry.npmjs.org/safe-buffer/-/safe-buffer-5.1.1.tgz",
      "integrity": "sha512-kKvNJn6Mm93gAczWVJg7wH+wGYWNrDHdWvpUmHyEsgCtIwwo3bqPtV4tR5tuPaUhTOo/kvhVwd8XwwOllGYkbg=="
    },
    "split-lines": {
      "version": "1.1.0",
      "resolved": "https://registry.npmjs.org/split-lines/-/split-lines-1.1.0.tgz",
      "integrity": "sha1-Oruo9ZhhQUL5240nq2q4dWYqHgk="
    },
    "sprintf-js": {
      "version": "1.0.3",
      "resolved": "https://registry.npmjs.org/sprintf-js/-/sprintf-js-1.0.3.tgz",
      "integrity": "sha1-BOaSb2YolTVPPdAVIDYzuFcpfiw="
    },
    "strip-ansi": {
      "version": "3.0.1",
      "resolved": "https://registry.npmjs.org/strip-ansi/-/strip-ansi-3.0.1.tgz",
      "integrity": "sha1-ajhfuIU9lS1f8F0Oiq+UJ43GPc8=",
      "requires": {
        "ansi-regex": "2.1.1"
      }
    },
    "strip-bom": {
      "version": "3.0.0",
      "resolved": "https://registry.npmjs.org/strip-bom/-/strip-bom-3.0.0.tgz",
      "integrity": "sha1-IzTBjpx1n3vdVv3vfprj1YjmjtM="
    },
    "strip-json-comments": {
      "version": "2.0.1",
      "resolved": "https://registry.npmjs.org/strip-json-comments/-/strip-json-comments-2.0.1.tgz",
      "integrity": "sha1-PFMZQukIwml8DsNEhYwobHygpgo="
    },
    "supports-color": {
      "version": "2.0.0",
      "resolved": "https://registry.npmjs.org/supports-color/-/supports-color-2.0.0.tgz",
      "integrity": "sha1-U10EXOa2Nj+kARcIRimZXp3zJMc="
    },
    "webpack-merge": {
      "version": "4.1.0",
      "resolved": "https://registry.npmjs.org/webpack-merge/-/webpack-merge-4.1.0.tgz",
      "integrity": "sha1-atciI7PguDflMeRZfBmfkJNhUR4=",
      "requires": {
        "lodash": "4.17.4"
      }
    }
  }
}
